github.com/allegro/bigcache/v3 v3.0.1 h1:Q4Xl3chywXuJNOw7NV+MeySd3zGQDj4KCpkCg0te8mc=
github.com/allegro/bigcache/v3 v3.0.1/go.mod h1:aPyh7jEvrog9zAwx5N7+JUQX5dZTSGpxF1LAR4dr35I=
github.com/go-telegram-bot-api/telegram-bot-api/v5 v5.4.0-beta.0 h1:mbEDV1g6RBzKd4sFjOWuyZdxItw4CWu5Kq4KaBAJbHM=
github.com/go-telegram-bot-api/telegram-bot-api/v5 v5.4.0-beta.0/go.mod h1:5+h9c5l1Z/+Pi+5boa1Fmr4Q+FImsXYnifor92ljaVs=
github.com/joho/godotenv v1.4.0 h1:3l4+N6zfMWnkbPEXKng2o2/MR5mSwTrBih4ZEkkz1lg=
github.com/joho/godotenv v1.4.0/go.mod h1:f4LDr5Voq0i2e/R5DDNOoa2zzDfwtkZa6DnEwAbqwq4=
