lockfileVersion: 5.3

specifiers:
  '@types/express': ^4.17.13
  '@types/node': ^16.11.1
  dayjs: ^1.10.7
  dotenv: ^10.0.0
  express: ^4.17.1
  gists: ^2.0.0
  grammy: ^1.3.3
  ts-node: ^10.3.0
  typescript: ^4.4.4

dependencies:
  dayjs: registry.npmmirror.com/dayjs/1.10.7
  express: registry.nlark.com/express/4.17.1
  gists: 2.0.0
  grammy: 1.3.3

devDependencies:
  '@types/express': 4.17.13
  '@types/node': 16.11.1
  dotenv: 10.0.0
  ts-node: 10.3.0_4837b44df871fd426bb731ce8876dc42
  typescript: 4.4.4

packages:

  /@cspotcode/source-map-consumer/0.8.0:
    resolution: {integrity: sha512-41qniHzTU8yAGbCp04ohlmSrZf8bkf/iJsl3V0dRGsQN/5GFfx+LbCSsCpp2gqrqjTVg/K6O8ycoV35JIwAzAg==}
    engines: {node: '>= 12'}
    dev: true

  /@cspotcode/source-map-support/0.7.0:
    resolution: {integrity: sha512-X4xqRHqN8ACt2aHVe51OxeA2HjbcL4MqFqXkrmQszJ1NOUuUu5u6Vqx/0lZSVNku7velL5FC/s5uEAj1lsBMhA==}
    engines: {node: '>=12'}
    dependencies:
      '@cspotcode/source-map-consumer': 0.8.0
    dev: true

  /@grammyjs/types/2.2.6:
    resolution: {integrity: sha512-O16e0WxwOLWUGvvtH+FgwSxKvg414dcMAjQAYrotVAVF2P5qOU+NHqbbY/sgVdDKs/uqimhjt/z8IGVeGZYocw==}
    dev: false

  /@tsconfig/node10/1.0.8:
    resolution: {integrity: sha512-6XFfSQmMgq0CFLY1MslA/CPUfhIL919M1rMsa5lP2P097N2Wd1sSX0tx1u4olM16fLNhtHZpRhedZJphNJqmZg==}
    dev: true

  /@tsconfig/node12/1.0.9:
    resolution: {integrity: sha512-/yBMcem+fbvhSREH+s14YJi18sp7J9jpuhYByADT2rypfajMZZN4WQ6zBGgBKp53NKmqI36wFYDb3yaMPurITw==}
    dev: true

  /@tsconfig/node14/1.0.1:
    resolution: {integrity: sha512-509r2+yARFfHHE7T6Puu2jjkoycftovhXRqW328PDXTVGKihlb1P8Z9mMZH04ebyajfRY7dedfGynlrFHJUQCg==}
    dev: true

  /@tsconfig/node16/1.0.2:
    resolution: {integrity: sha512-eZxlbI8GZscaGS7kkc/trHTT5xgrjH3/1n2JDwusC9iahPKWMRvRjJSAN5mCXviuTGQ/lHnhvv8Q1YTpnfz9gA==}
    dev: true

  /@types/body-parser/1.19.1:
    resolution: {integrity: sha512-a6bTJ21vFOGIkwM0kzh9Yr89ziVxq4vYH2fQ6N8AeipEzai/cFK6aGMArIkUeIdRIgpwQa+2bXiLuUJCpSf2Cg==}
    dependencies:
      '@types/connect': 3.4.35
      '@types/node': 16.11.1
    dev: true

  /@types/connect/3.4.35:
    resolution: {integrity: sha512-cdeYyv4KWoEgpBISTxWvqYsVy444DOqehiF3fM3ne10AmJ62RSyNkUnxMJXHQWRQQX2eR94m5y1IZyDwBjV9FQ==}
    dependencies:
      '@types/node': 16.11.1
    dev: true

  /@types/express-serve-static-core/4.17.24:
    resolution: {integrity: sha512-3UJuW+Qxhzwjq3xhwXm2onQcFHn76frIYVbTu+kn24LFxI+dEhdfISDFovPB8VpEgW8oQCTpRuCe+0zJxB7NEA==}
    dependencies:
      '@types/node': 16.11.1
      '@types/qs': 6.9.7
      '@types/range-parser': 1.2.4
    dev: true

  /@types/express/4.17.13:
    resolution: {integrity: sha512-6bSZTPaTIACxn48l50SR+axgrqm6qXFIxrdAKaG6PaJk3+zuUr35hBlgT7vOmJcum+OEaIBLtHV/qloEAFITeA==}
    dependencies:
      '@types/body-parser': 1.19.1
      '@types/express-serve-static-core': 4.17.24
      '@types/qs': 6.9.7
      '@types/serve-static': 1.13.10
    dev: true

  /@types/mime/1.3.2:
    resolution: {integrity: sha512-YATxVxgRqNH6nHEIsvg6k2Boc1JHI9ZbH5iWFFv/MTkchz3b1ieGDa5T0a9RznNdI0KhVbdbWSN+KWWrQZRxTw==}
    dev: true

  /@types/node/16.11.1:
    resolution: {integrity: sha512-PYGcJHL9mwl1Ek3PLiYgyEKtwTMmkMw4vbiyz/ps3pfdRYLVv+SN7qHVAImrjdAXxgluDEw6Ph4lyv+m9UpRmA==}
    dev: true

  /@types/qs/6.9.7:
    resolution: {integrity: sha512-FGa1F62FT09qcrueBA6qYTrJPVDzah9a+493+o2PCXsesWHIn27G98TsSMs3WPNbZIEj4+VJf6saSFpvD+3Zsw==}
    dev: true

  /@types/range-parser/1.2.4:
    resolution: {integrity: sha512-EEhsLsD6UsDM1yFhAvy0Cjr6VwmpMWqFBCb9w07wVugF7w9nfajxLuVmngTIpgS6svCnm6Vaw+MZhoDCKnOfsw==}
    dev: true

  /@types/serve-static/1.13.10:
    resolution: {integrity: sha512-nCkHGI4w7ZgAdNkrEu0bv+4xNV/XDqW+DydknebMOQwkpDGx8G+HTlj7R7ABI8i8nKxVw0wtKPi1D+lPOkh4YQ==}
    dependencies:
      '@types/mime': 1.3.2
      '@types/node': 16.11.1
    dev: true

  /abort-controller/3.0.0:
    resolution: {integrity: sha512-h8lQ8tacZYnR3vNQTgibj+tODHI5/+l06Au2Pcriv/Gmet0eaj4TwWH41sO9wnHDiQsEj19q0drzdWdeAHtweg==}
    engines: {node: '>=6.5'}
    dependencies:
      event-target-shim: 5.0.1
    dev: false

  /acorn-walk/8.2.0:
    resolution: {integrity: sha512-k+iyHEuPgSw6SbuDpGQM+06HQUa04DZ3o+F6CSzXMvvI5KMvnaEqXe+YVe555R9nn6GPt404fos4wcgpw12SDA==}
    engines: {node: '>=0.4.0'}
    dev: true

  /acorn/8.5.0:
    resolution: {integrity: sha512-yXbYeFy+jUuYd3/CDcg2NkIYE991XYX/bje7LmjJigUciaeO1JR4XxXgCIV1/Zc/dRuFEyw1L0pbA+qynJkW5Q==}
    engines: {node: '>=0.4.0'}
    hasBin: true
    dev: true

  /arg/4.1.3:
    resolution: {integrity: sha512-58S9QDqG0Xx27YwPSt9fJxivjYl432YCwfDMfZ+71RAqUrZef7LrKQZ3LHLOwCS4FLNBplP533Zx895SeOCHvA==}
    dev: true

  /create-require/1.1.1:
    resolution: {integrity: sha512-dcKFX3jn0MpIaXjisoRvexIJVEKzaq7z2rZKxf+MSr9TkdmHmsU4m2lcLojrj/FHl8mk5VxMmYA+ftRkP/3oKQ==}
    dev: true

  /debug/3.2.7:
    resolution: {integrity: sha512-CFjzYYAi4ThfiQvizrFQevTTXHtnCqWfe7x1AhgEscTz6ZbLbfoLRLPugTQyBth6f8ZERVUSyWHFD/7Wu4t1XQ==}
    dependencies:
      ms: 2.1.2
    dev: false

  /debug/4.3.2:
    resolution: {integrity: sha512-mOp8wKcvj7XxC78zLgw/ZA+6TSgkoE2C/ienthhRD298T7UNwAg9diBpLRxC0mOezLl4B0xV7M0cCO6P/O0Xhw==}
    engines: {node: '>=6.0'}
    peerDependencies:
      supports-color: '*'
    peerDependenciesMeta:
      supports-color:
        optional: true
    dependencies:
      ms: 2.1.2
    dev: false

  /diff/4.0.2:
    resolution: {integrity: sha512-58lmxKSA4BNyLz+HHMUzlOEpg09FV+ev6ZMe3vJihgdxzgcwZ8VoEEPmALCZG9LmqfVoNMMKpttIYTVG6uDY7A==}
    engines: {node: '>=0.3.1'}
    dev: true

  /dotenv/10.0.0:
    resolution: {integrity: sha512-rlBi9d8jpv9Sf1klPjNfFAuWDjKLwTIJJ/VxtoTwIR6hnZxcEOQCZg2oIL3MWBYw5GpUDKOEnND7LXTbIpQ03Q==}
    engines: {node: '>=10'}
    dev: true

  /event-target-shim/5.0.1:
    resolution: {integrity: sha512-i/2XbnSz/uxRCU6+NdVJgKWDTM427+MqYbkQzD321DuCQJUqOuJKIA0IM2+W2xtYHdKOmZ4dR6fExsd4SXL+WQ==}
    engines: {node: '>=6'}
    dev: false

  /get-value/3.0.1:
    resolution: {integrity: sha512-mKZj9JLQrwMBtj5wxi6MH8Z5eSKaERpAwjg43dPtlGI1ZVEgH/qC7T8/6R2OBSUA+zzHBZgICsVJaEIV2tKTDA==}
    engines: {node: '>=6.0'}
    dependencies:
      isobject: 3.0.1
    dev: false

  /gists/2.0.0:
    resolution: {integrity: sha512-EVSWDpq2/H9ITsXsjdPo9+i2MI9U4E6DirXwR7/t6Mqgnynlh9ta6RMyezIINVNhkXZTCttmiSISd7JNkI2rQw==}
    engines: {node: '>=8'}
    dependencies:
      github-base: 1.0.0
    dev: false

  /github-base/1.0.0:
    resolution: {integrity: sha512-5A9OOCQWK80v+bjVRzdK0M/5UtERN9vx9TkJMlkiJA24wu/+lrQLsq5MPQIrSONrSWwt83eAPtBcuQOc2FyK8A==}
    engines: {node: '>=8'}
    dependencies:
      get-value: 3.0.1
      needle: 2.9.1
      paged-request: 1.0.2
      parse-link-header: 1.0.1
      qs: 6.7.0
      use: 3.1.1
    dev: false

  /grammy/1.3.3:
    resolution: {integrity: sha512-SROUluhM4nPqKKJKyTAFzI0I944DmusQb5VJrsNheBrGHZIiRQpr1613iNHa6ak+XML/MA7z7Xp23rClDvlL+A==}
    engines: {node: ^12.20.0 || >=14.13.1}
    dependencies:
      '@grammyjs/types': 2.2.6
      abort-controller: 3.0.0
      debug: 4.3.2
      node-fetch: 2.6.5
    transitivePeerDependencies:
      - supports-color
    dev: false

  /iconv-lite/0.4.24:
    resolution: {integrity: sha512-v3MXnZAcvnywkTUEZomIActle7RXXeedOR31wwl7VlyoXO4Qi9arvSenNQWne1TcRwhCL1HwLI21bEqdpj8/rA==}
    engines: {node: '>=0.10.0'}
    dependencies:
      safer-buffer: 2.1.2
    dev: false

  /isobject/3.0.1:
    resolution: {integrity: sha1-TkMekrEalzFjaqH5yNHMvP2reN8=}
    engines: {node: '>=0.10.0'}
    dev: false

  /make-error/1.3.6:
    resolution: {integrity: sha512-s8UhlNe7vPKomQhC1qFelMokr/Sc3AgNbso3n74mVPA5LTZwkB9NlXf4XPamLxJE8h0gh73rM94xvwRT2CVInw==}
    dev: true

  /ms/2.1.2:
    resolution: {integrity: sha512-sGkPx+VjMtmA6MX27oA4FBFELFCZZ4S4XqeGOXCv68tT+jb3vk/RyaKWP0PTKyWtmLSM0b+adUTEvbs1PEaH2w==}
    dev: false

  /needle/2.9.1:
    resolution: {integrity: sha512-6R9fqJ5Zcmf+uYaFgdIHmLwNldn5HbK8L5ybn7Uz+ylX/rnOsSp1AHcvQSrCaFN+qNM1wpymHqD7mVasEOlHGQ==}
    engines: {node: '>= 4.4.x'}
    hasBin: true
    dependencies:
      debug: 3.2.7
      iconv-lite: 0.4.24
      sax: 1.2.4
    dev: false

  /node-fetch/2.6.5:
    resolution: {integrity: sha512-mmlIVHJEu5rnIxgEgez6b9GgWXbkZj5YZ7fx+2r94a2E+Uirsp6HsPTPlomfdHtpt/B0cdKviwkoaM6pyvUOpQ==}
    engines: {node: 4.x || >=6.0.0}
    dependencies:
      whatwg-url: 5.0.0
    dev: false

  /paged-request/1.0.2:
    resolution: {integrity: sha512-2NXKpT0pWoVo31LQhGOfsqD8wViifq6Ml28H8WrqY0GbMvltvpDPx1YZ6jMeVXNbywjECdEhmC2/uFFS1MdMFQ==}
    engines: {node: '>=8'}
    dependencies:
      needle: 2.9.1
    dev: false

  /parse-link-header/1.0.1:
    resolution: {integrity: sha1-vt/g0hGK64S+deewJUGeyKYRQKc=}
    dependencies:
      xtend: 4.0.2
    dev: false

  /qs/6.7.0:
    resolution: {integrity: sha512-VCdBRNFTX1fyE7Nb6FYoURo/SPe62QCaAyzJvUjwRaIsc+NePBEniHlvxFmmX56+HZphIGtV0XeCirBtpDrTyQ==}
    engines: {node: '>=0.6'}
    dev: false

  /safer-buffer/2.1.2:
    resolution: {integrity: sha512-YZo3K82SD7Riyi0E1EQPojLz7kpepnSQI9IyPbHHg1XXXevb5dJI7tpyN2ADxGcQbHG7vcyRHk0cbwqcQriUtg==}
    dev: false

  /sax/1.2.4:
    resolution: {integrity: sha512-NqVDv9TpANUjFm0N8uM5GxL36UgKi9/atZw+x7YFnQ8ckwFGKrl4xX4yWtrey3UJm5nP1kUbnYgLopqWNSRhWw==}
    dev: false

  /tr46/0.0.3:
    resolution: {integrity: sha1-gYT9NH2snNwYWZLzpmIuFLnZq2o=}
    dev: false

  /ts-node/10.3.0_4837b44df871fd426bb731ce8876dc42:
    resolution: {integrity: sha512-RYIy3i8IgpFH45AX4fQHExrT8BxDeKTdC83QFJkNzkvt8uFB6QJ8XMyhynYiKMLxt9a7yuXaDBZNOYS3XjDcYw==}
    hasBin: true
    peerDependencies:
      '@swc/core': '>=1.2.50'
      '@swc/wasm': '>=1.2.50'
      '@types/node': '*'
      typescript: '>=2.7'
    peerDependenciesMeta:
      '@swc/core':
        optional: true
      '@swc/wasm':
        optional: true
    dependencies:
      '@cspotcode/source-map-support': 0.7.0
      '@tsconfig/node10': 1.0.8
      '@tsconfig/node12': 1.0.9
      '@tsconfig/node14': 1.0.1
      '@tsconfig/node16': 1.0.2
      '@types/node': 16.11.1
      acorn: 8.5.0
      acorn-walk: 8.2.0
      arg: 4.1.3
      create-require: 1.1.1
      diff: 4.0.2
      make-error: 1.3.6
      typescript: 4.4.4
      yn: 3.1.1
    dev: true

  /typescript/4.4.4:
    resolution: {integrity: sha512-DqGhF5IKoBl8WNf8C1gu8q0xZSInh9j1kJJMqT3a94w1JzVaBU4EXOSMrz9yDqMT0xt3selp83fuFMQ0uzv6qA==}
    engines: {node: '>=4.2.0'}
    hasBin: true
    dev: true

  /use/3.1.1:
    resolution: {integrity: sha512-cwESVXlO3url9YWlFW/TA9cshCEhtu7IKJ/p5soJ/gGpj7vbvFrAY/eIioQ6Dw23KjZhYgiIo8HOs1nQ2vr/oQ==}
    engines: {node: '>=0.10.0'}
    dev: false

  /webidl-conversions/3.0.1:
    resolution: {integrity: sha1-JFNCdeKnvGvnvIZhHMFq4KVlSHE=}
    dev: false

  /whatwg-url/5.0.0:
    resolution: {integrity: sha1-lmRU6HZUYuN2RNNib2dCzotwll0=}
    dependencies:
      tr46: 0.0.3
      webidl-conversions: 3.0.1
    dev: false

  /xtend/4.0.2:
    resolution: {integrity: sha512-LKYU1iAXJXUgAXn9URjiu+MWhyUXHsvfp7mcuYm9dSUKK0/CjtrUwFAxD82/mCWbtLsGjFIad0wIsod4zrTAEQ==}
    engines: {node: '>=0.4'}
    dev: false

  /yn/3.1.1:
    resolution: {integrity: sha512-Ux4ygGWsu2c7isFWe8Yu1YluJmqVhxqK2cLXNQA5AcC3QfbGNpM7fu0Y8b/z16pXLnFxZYvWhd3fhBY9DLmC6Q==}
    engines: {node: '>=6'}
    dev: true

  registry.nlark.com/accepts/1.3.7:
    resolution: {integrity: sha1-UxvHJlF6OytB+FACHGzBXqq1B80=, registry: https://registry.npm.taobao.org/, tarball: https://registry.nlark.com/accepts/download/accepts-1.3.7.tgz}
    name: accepts
    version: 1.3.7
    engines: {node: '>= 0.6'}
    dependencies:
      mime-types: registry.npmmirror.com/mime-types/2.1.33
      negotiator: registry.nlark.com/negotiator/0.6.2
    dev: false

  registry.nlark.com/array-flatten/1.1.1:
    resolution: {integrity: sha1-ml9pkFGx5wczKPKgCJaLZOopVdI=, registry: https://registry.npm.taobao.org/, tarball: https://registry.nlark.com/array-flatten/download/array-flatten-1.1.1.tgz}
    name: array-flatten
    version: 1.1.1
    dev: false

  registry.nlark.com/body-parser/1.19.0:
    resolution: {integrity: sha1-lrJwnlfJxOCab9Zqj9l5hE9p8Io=, registry: https://registry.npm.taobao.org/, tarball: https://registry.nlark.com/body-parser/download/body-parser-1.19.0.tgz}
    name: body-parser
    version: 1.19.0
    engines: {node: '>= 0.8'}
    dependencies:
      bytes: registry.nlark.com/bytes/3.1.0
      content-type: registry.nlark.com/content-type/1.0.4
      debug: registry.nlark.com/debug/2.6.9
      depd: registry.nlark.com/depd/1.1.2
      http-errors: registry.nlark.com/http-errors/1.7.2
      iconv-lite: registry.nlark.com/iconv-lite/0.4.24
      on-finished: registry.nlark.com/on-finished/2.3.0
      qs: registry.nlark.com/qs/6.7.0
      raw-body: registry.nlark.com/raw-body/2.4.0
      type-is: registry.nlark.com/type-is/1.6.18
    dev: false

  registry.nlark.com/bytes/3.1.0:
    resolution: {integrity: sha1-9s95M6Ng4FiPqf3oVlHNx/gF0fY=, registry: https://registry.npm.taobao.org/, tarball: https://registry.nlark.com/bytes/download/bytes-3.1.0.tgz}
    name: bytes
    version: 3.1.0
    engines: {node: '>= 0.8'}
    dev: false

  registry.nlark.com/content-disposition/0.5.3:
    resolution: {integrity: sha1-4TDK9+cnkIfFYWwgB9BIVpiYT70=, registry: https://registry.npm.taobao.org/, tarball: https://registry.nlark.com/content-disposition/download/content-disposition-0.5.3.tgz}
    name: content-disposition
    version: 0.5.3
    engines: {node: '>= 0.6'}
    dependencies:
      safe-buffer: registry.nlark.com/safe-buffer/5.1.2
    dev: false

  registry.nlark.com/content-type/1.0.4:
    resolution: {integrity: sha1-4TjMdeBAxyexlm/l5fjJruJW/js=, registry: https://registry.npm.taobao.org/, tarball: https://registry.nlark.com/content-type/download/content-type-1.0.4.tgz}
    name: content-type
    version: 1.0.4
    engines: {node: '>= 0.6'}
    dev: false

  registry.nlark.com/cookie-signature/1.0.6:
    resolution: {integrity: sha1-4wOogrNCzD7oylE6eZmXNNqzriw=, registry: https://registry.npm.taobao.org/, tarball: https://registry.nlark.com/cookie-signature/download/cookie-signature-1.0.6.tgz}
    name: cookie-signature
    version: 1.0.6
    dev: false

  registry.nlark.com/cookie/0.4.0:
    resolution: {integrity: sha1-vrQ35wIrO21JAZ0IhmUwPr6cFLo=, registry: https://registry.npm.taobao.org/, tarball: https://registry.nlark.com/cookie/download/cookie-0.4.0.tgz}
    name: cookie
    version: 0.4.0
    engines: {node: '>= 0.6'}
    dev: false

  registry.nlark.com/debug/2.6.9:
    resolution: {integrity: sha1-XRKFFd8TT/Mn6QpMk/Tgd6U2NB8=, registry: https://registry.npm.taobao.org/, tarball: https://registry.nlark.com/debug/download/debug-2.6.9.tgz?cache=0&sync_timestamp=1631600344119&other_urls=https%3A%2F%2Fregistry.nlark.com%2Fdebug%2Fdownload%2Fdebug-2.6.9.tgz}
    name: debug
    version: 2.6.9
    dependencies:
      ms: registry.npmmirror.com/ms/2.0.0
    dev: false

  registry.nlark.com/depd/1.1.2:
    resolution: {integrity: sha1-m81S4UwJd2PnSbJ0xDRu0uVgtak=, registry: https://registry.npm.taobao.org/, tarball: https://registry.nlark.com/depd/download/depd-1.1.2.tgz}
    name: depd
    version: 1.1.2
    engines: {node: '>= 0.6'}
    dev: false

  registry.nlark.com/destroy/1.0.4:
    resolution: {integrity: sha1-l4hXRCxEdJ5CBmE+N5RiBYJqvYA=, registry: https://registry.npm.taobao.org/, tarball: https://registry.nlark.com/destroy/download/destroy-1.0.4.tgz}
    name: destroy
    version: 1.0.4
    dev: false

  registry.nlark.com/ee-first/1.1.1:
    resolution: {integrity: sha1-WQxhFWsK4vTwJVcyoViyZrxWsh0=, registry: https://registry.npm.taobao.org/, tarball: https://registry.nlark.com/ee-first/download/ee-first-1.1.1.tgz}
    name: ee-first
    version: 1.1.1
    dev: false

  registry.nlark.com/encodeurl/1.0.2:
    resolution: {integrity: sha1-rT/0yG7C0CkyL1oCw6mmBslbP1k=, registry: https://registry.npm.taobao.org/, tarball: https://registry.nlark.com/encodeurl/download/encodeurl-1.0.2.tgz}
    name: encodeurl
    version: 1.0.2
    engines: {node: '>= 0.8'}
    dev: false

  registry.nlark.com/etag/1.8.1:
    resolution: {integrity: sha1-Qa4u62XvpiJorr/qg6x9eSmbCIc=, registry: https://registry.npm.taobao.org/, tarball: https://registry.nlark.com/etag/download/etag-1.8.1.tgz}
    name: etag
    version: 1.8.1
    engines: {node: '>= 0.6'}
    dev: false

  registry.nlark.com/express/4.17.1:
    resolution: {integrity: sha1-RJH8OGBc9R+GKdOcK10Cb5ikwTQ=, registry: https://registry.npm.taobao.org/, tarball: https://registry.nlark.com/express/download/express-4.17.1.tgz}
    name: express
    version: 4.17.1
    engines: {node: '>= 0.10.0'}
    dependencies:
      accepts: registry.nlark.com/accepts/1.3.7
      array-flatten: registry.nlark.com/array-flatten/1.1.1
      body-parser: registry.nlark.com/body-parser/1.19.0
      content-disposition: registry.nlark.com/content-disposition/0.5.3
      content-type: registry.nlark.com/content-type/1.0.4
      cookie: registry.nlark.com/cookie/0.4.0
      cookie-signature: registry.nlark.com/cookie-signature/1.0.6
      debug: registry.nlark.com/debug/2.6.9
      depd: registry.nlark.com/depd/1.1.2
      encodeurl: registry.nlark.com/encodeurl/1.0.2
      escape-html: registry.npmmirror.com/escape-html/1.0.3
      etag: registry.nlark.com/etag/1.8.1
      finalhandler: registry.npmmirror.com/finalhandler/1.1.2
      fresh: registry.nlark.com/fresh/0.5.2
      merge-descriptors: registry.nlark.com/merge-descriptors/1.0.1
      methods: registry.npmmirror.com/methods/1.1.2
      on-finished: registry.nlark.com/on-finished/2.3.0
      parseurl: registry.nlark.com/parseurl/1.3.3
      path-to-regexp: registry.nlark.com/path-to-regexp/0.1.7
      proxy-addr: registry.nlark.com/proxy-addr/2.0.7
      qs: registry.nlark.com/qs/6.7.0
      range-parser: registry.nlark.com/range-parser/1.2.1
      safe-buffer: registry.nlark.com/safe-buffer/5.1.2
      send: registry.nlark.com/send/0.17.1
      serve-static: registry.nlark.com/serve-static/1.14.1
      setprototypeof: registry.nlark.com/setprototypeof/1.1.1
      statuses: registry.nlark.com/statuses/1.5.0
      type-is: registry.nlark.com/type-is/1.6.18
      utils-merge: registry.nlark.com/utils-merge/1.0.1
      vary: registry.nlark.com/vary/1.1.2
    dev: false

  registry.nlark.com/forwarded/0.2.0:
    resolution: {integrity: sha1-ImmTZCiq1MFcfr6XeahL8LKoGBE=, registry: https://registry.npm.taobao.org/, tarball: https://registry.nlark.com/forwarded/download/forwarded-0.2.0.tgz}
    name: forwarded
    version: 0.2.0
    engines: {node: '>= 0.6'}
    dev: false

  registry.nlark.com/fresh/0.5.2:
    resolution: {integrity: sha1-PYyt2Q2XZWn6g1qx+OSyOhBWBac=, registry: https://registry.npm.taobao.org/, tarball: https://registry.nlark.com/fresh/download/fresh-0.5.2.tgz}
    name: fresh
    version: 0.5.2
    engines: {node: '>= 0.6'}
    dev: false

  registry.nlark.com/http-errors/1.7.2:
    resolution: {integrity: sha1-T1ApzxMjnzEDblsuVSkrz7zIXI8=, registry: https://registry.npm.taobao.org/, tarball: https://registry.nlark.com/http-errors/download/http-errors-1.7.2.tgz}
    name: http-errors
    version: 1.7.2
    engines: {node: '>= 0.6'}
    dependencies:
      depd: registry.nlark.com/depd/1.1.2
      inherits: registry.nlark.com/inherits/2.0.3
      setprototypeof: registry.nlark.com/setprototypeof/1.1.1
      statuses: registry.nlark.com/statuses/1.5.0
      toidentifier: registry.nlark.com/toidentifier/1.0.0
    dev: false

  registry.nlark.com/http-errors/1.7.3:
    resolution: {integrity: sha1-bGGeT5xgMIw4UZSYwU+7EKrOuwY=, registry: https://registry.npm.taobao.org/, tarball: https://registry.nlark.com/http-errors/download/http-errors-1.7.3.tgz}
    name: http-errors
    version: 1.7.3
    engines: {node: '>= 0.6'}
    dependencies:
      depd: registry.nlark.com/depd/1.1.2
      inherits: registry.nlark.com/inherits/2.0.4
      setprototypeof: registry.nlark.com/setprototypeof/1.1.1
      statuses: registry.nlark.com/statuses/1.5.0
      toidentifier: registry.nlark.com/toidentifier/1.0.0
    dev: false

  registry.nlark.com/iconv-lite/0.4.24:
    resolution: {integrity: sha1-ICK0sl+93CHS9SSXSkdKr+czkIs=, registry: https://registry.npm.taobao.org/, tarball: https://registry.nlark.com/iconv-lite/download/iconv-lite-0.4.24.tgz}
    name: iconv-lite
    version: 0.4.24
    engines: {node: '>=0.10.0'}
    dependencies:
      safer-buffer: registry.nlark.com/safer-buffer/2.1.2
    dev: false

  registry.nlark.com/inherits/2.0.3:
    resolution: {integrity: sha1-Yzwsg+PaQqUC9SRmAiSA9CCCYd4=, registry: https://registry.npm.taobao.org/, tarball: https://registry.nlark.com/inherits/download/inherits-2.0.3.tgz}
    name: inherits
    version: 2.0.3
    dev: false

  registry.nlark.com/inherits/2.0.4:
    resolution: {integrity: sha1-D6LGT5MpF8NDOg3tVTY6rjdBa3w=, registry: https://registry.npm.taobao.org/, tarball: https://registry.nlark.com/inherits/download/inherits-2.0.4.tgz}
    name: inherits
    version: 2.0.4
    dev: false

  registry.nlark.com/ipaddr.js/1.9.1:
    resolution: {integrity: sha1-v/OFQ+64mEglB5/zoqjmy9RngbM=, registry: https://registry.npm.taobao.org/, tarball: https://registry.nlark.com/ipaddr.js/download/ipaddr.js-1.9.1.tgz}
    name: ipaddr.js
    version: 1.9.1
    engines: {node: '>= 0.10'}
    dev: false

  registry.nlark.com/media-typer/0.3.0:
    resolution: {integrity: sha1-hxDXrwqmJvj/+hzgAWhUUmMlV0g=, registry: https://registry.npm.taobao.org/, tarball: https://registry.nlark.com/media-typer/download/media-typer-0.3.0.tgz}
    name: media-typer
    version: 0.3.0
    engines: {node: '>= 0.6'}
    dev: false

  registry.nlark.com/merge-descriptors/1.0.1:
    resolution: {integrity: sha1-sAqqVW3YtEVoFQ7J0blT8/kMu2E=, registry: https://registry.npm.taobao.org/, tarball: https://registry.nlark.com/merge-descriptors/download/merge-descriptors-1.0.1.tgz}
    name: merge-descriptors
    version: 1.0.1
    dev: false

  registry.nlark.com/mime-db/1.50.0:
    resolution: {integrity: sha1-q9SslOmNPA4YUBbGerRdX95AwR8=, registry: https://registry.npm.taobao.org/, tarball: https://registry.nlark.com/mime-db/download/mime-db-1.50.0.tgz?cache=0&sync_timestamp=1631864799372&other_urls=https%3A%2F%2Fregistry.nlark.com%2Fmime-db%2Fdownload%2Fmime-db-1.50.0.tgz}
    name: mime-db
    version: 1.50.0
    engines: {node: '>= 0.6'}
    dev: false

  registry.nlark.com/mime/1.6.0:
    resolution: {integrity: sha1-Ms2eXGRVO9WNGaVor0Uqz/BJgbE=, registry: https://registry.npm.taobao.org/, tarball: https://registry.nlark.com/mime/download/mime-1.6.0.tgz}
    name: mime
    version: 1.6.0
    engines: {node: '>=4'}
    hasBin: true
    dev: false

  registry.nlark.com/negotiator/0.6.2:
    resolution: {integrity: sha1-/qz3zPUlp3rpY0Q2pkiD/+yjRvs=, registry: https://registry.npm.taobao.org/, tarball: https://registry.nlark.com/negotiator/download/negotiator-0.6.2.tgz}
    name: negotiator
    version: 0.6.2
    engines: {node: '>= 0.6'}
    dev: false

  registry.nlark.com/on-finished/2.3.0:
    resolution: {integrity: sha1-IPEzZIGwg811M3mSoWlxqi2QaUc=, registry: https://registry.npm.taobao.org/, tarball: https://registry.nlark.com/on-finished/download/on-finished-2.3.0.tgz}
    name: on-finished
    version: 2.3.0
    engines: {node: '>= 0.8'}
    dependencies:
      ee-first: registry.nlark.com/ee-first/1.1.1
    dev: false

  registry.nlark.com/parseurl/1.3.3:
    resolution: {integrity: sha1-naGee+6NEt/wUT7Vt2lXeTvC6NQ=, registry: https://registry.npm.taobao.org/, tarball: https://registry.nlark.com/parseurl/download/parseurl-1.3.3.tgz}
    name: parseurl
    version: 1.3.3
    engines: {node: '>= 0.8'}
    dev: false

  registry.nlark.com/path-to-regexp/0.1.7:
    resolution: {integrity: sha1-32BBeABfUi8V60SQ5yR6G/qmf4w=, registry: https://registry.npm.taobao.org/, tarball: https://registry.nlark.com/path-to-regexp/download/path-to-regexp-0.1.7.tgz}
    name: path-to-regexp
    version: 0.1.7
    dev: false

  registry.nlark.com/proxy-addr/2.0.7:
    resolution: {integrity: sha1-8Z/mnOqzEe65S0LnDowgcPm6ECU=, registry: https://registry.npm.taobao.org/, tarball: https://registry.nlark.com/proxy-addr/download/proxy-addr-2.0.7.tgz}
    name: proxy-addr
    version: 2.0.7
    engines: {node: '>= 0.10'}
    dependencies:
      forwarded: registry.nlark.com/forwarded/0.2.0
      ipaddr.js: registry.nlark.com/ipaddr.js/1.9.1
    dev: false

  registry.nlark.com/qs/6.7.0:
    resolution: {integrity: sha1-QdwaAV49WB8WIXdr4xr7KHapsbw=, registry: https://registry.npm.taobao.org/, tarball: https://registry.nlark.com/qs/download/qs-6.7.0.tgz}
    name: qs
    version: 6.7.0
    engines: {node: '>=0.6'}
    dev: false

  registry.nlark.com/range-parser/1.2.1:
    resolution: {integrity: sha1-PPNwI9GZ4cJNGlW4SADC8+ZGgDE=, registry: https://registry.npm.taobao.org/, tarball: https://registry.nlark.com/range-parser/download/range-parser-1.2.1.tgz}
    name: range-parser
    version: 1.2.1
    engines: {node: '>= 0.6'}
    dev: false

  registry.nlark.com/raw-body/2.4.0:
    resolution: {integrity: sha1-oc5vucm8NWylLoklarWQWeE9AzI=, registry: https://registry.npm.taobao.org/, tarball: https://registry.nlark.com/raw-body/download/raw-body-2.4.0.tgz}
    name: raw-body
    version: 2.4.0
    engines: {node: '>= 0.8'}
    dependencies:
      bytes: registry.nlark.com/bytes/3.1.0
      http-errors: registry.nlark.com/http-errors/1.7.2
      iconv-lite: registry.nlark.com/iconv-lite/0.4.24
      unpipe: registry.nlark.com/unpipe/1.0.0
    dev: false

  registry.nlark.com/safe-buffer/5.1.2:
    resolution: {integrity: sha1-mR7GnSluAxN0fVm9/St0XDX4go0=, registry: https://registry.npm.taobao.org/, tarball: https://registry.nlark.com/safe-buffer/download/safe-buffer-5.1.2.tgz}
    name: safe-buffer
    version: 5.1.2
    dev: false

  registry.nlark.com/safer-buffer/2.1.2:
    resolution: {integrity: sha1-RPoWGwGHuVSd2Eu5GAL5vYOFzWo=, registry: https://registry.npm.taobao.org/, tarball: https://registry.nlark.com/safer-buffer/download/safer-buffer-2.1.2.tgz}
    name: safer-buffer
    version: 2.1.2
    dev: false

  registry.nlark.com/send/0.17.1:
    resolution: {integrity: sha1-wdiwWfeQD3Rm3Uk4vcROEd2zdsg=, registry: https://registry.npm.taobao.org/, tarball: https://registry.nlark.com/send/download/send-0.17.1.tgz}
    name: send
    version: 0.17.1
    engines: {node: '>= 0.8.0'}
    dependencies:
      debug: registry.nlark.com/debug/2.6.9
      depd: registry.nlark.com/depd/1.1.2
      destroy: registry.nlark.com/destroy/1.0.4
      encodeurl: registry.nlark.com/encodeurl/1.0.2
      escape-html: registry.npmmirror.com/escape-html/1.0.3
      etag: registry.nlark.com/etag/1.8.1
      fresh: registry.nlark.com/fresh/0.5.2
      http-errors: registry.nlark.com/http-errors/1.7.3
      mime: registry.nlark.com/mime/1.6.0
      ms: registry.npmmirror.com/ms/2.1.1
      on-finished: registry.nlark.com/on-finished/2.3.0
      range-parser: registry.nlark.com/range-parser/1.2.1
      statuses: registry.nlark.com/statuses/1.5.0
    dev: false

  registry.nlark.com/serve-static/1.14.1:
    resolution: {integrity: sha1-Zm5jbcTwEPfvKZcKiKZ0MgiYsvk=, registry: https://registry.npm.taobao.org/, tarball: https://registry.nlark.com/serve-static/download/serve-static-1.14.1.tgz}
    name: serve-static
    version: 1.14.1
    engines: {node: '>= 0.8.0'}
    dependencies:
      encodeurl: registry.nlark.com/encodeurl/1.0.2
      escape-html: registry.npmmirror.com/escape-html/1.0.3
      parseurl: registry.nlark.com/parseurl/1.3.3
      send: registry.nlark.com/send/0.17.1
    dev: false

  registry.nlark.com/setprototypeof/1.1.1:
    resolution: {integrity: sha1-fpWsskqpL1iF4KvvW6ExMw1K5oM=, registry: https://registry.npm.taobao.org/, tarball: https://registry.nlark.com/setprototypeof/download/setprototypeof-1.1.1.tgz}
    name: setprototypeof
    version: 1.1.1
    dev: false

  registry.nlark.com/statuses/1.5.0:
    resolution: {integrity: sha1-Fhx9rBd2Wf2YEfQ3cfqZOBR4Yow=, registry: https://registry.npm.taobao.org/, tarball: https://registry.nlark.com/statuses/download/statuses-1.5.0.tgz}
    name: statuses
    version: 1.5.0
    engines: {node: '>= 0.6'}
    dev: false

  registry.nlark.com/toidentifier/1.0.0:
    resolution: {integrity: sha1-fhvjRw8ed5SLxD2Uo8j013UrpVM=, registry: https://registry.npm.taobao.org/, tarball: https://registry.nlark.com/toidentifier/download/toidentifier-1.0.0.tgz}
    name: toidentifier
    version: 1.0.0
    engines: {node: '>=0.6'}
    dev: false

  registry.nlark.com/type-is/1.6.18:
    resolution: {integrity: sha1-TlUs0F3wlGfcvE73Od6J8s83wTE=, registry: https://registry.npm.taobao.org/, tarball: https://registry.nlark.com/type-is/download/type-is-1.6.18.tgz}
    name: type-is
    version: 1.6.18
    engines: {node: '>= 0.6'}
    dependencies:
      media-typer: registry.nlark.com/media-typer/0.3.0
      mime-types: registry.npmmirror.com/mime-types/2.1.33
    dev: false

  registry.nlark.com/unpipe/1.0.0:
    resolution: {integrity: sha1-sr9O6FFKrmFltIF4KdIbLvSZBOw=, registry: https://registry.npm.taobao.org/, tarball: https://registry.nlark.com/unpipe/download/unpipe-1.0.0.tgz}
    name: unpipe
    version: 1.0.0
    engines: {node: '>= 0.8'}
    dev: false

  registry.nlark.com/utils-merge/1.0.1:
    resolution: {integrity: sha1-n5VxD1CiZ5R7LMwSR0HBAoQn5xM=, registry: https://registry.npm.taobao.org/, tarball: https://registry.nlark.com/utils-merge/download/utils-merge-1.0.1.tgz}
    name: utils-merge
    version: 1.0.1
    engines: {node: '>= 0.4.0'}
    dev: false

  registry.nlark.com/vary/1.1.2:
    resolution: {integrity: sha1-IpnwLG3tMNSllhsLn3RSShj2NPw=, registry: https://registry.npm.taobao.org/, tarball: https://registry.nlark.com/vary/download/vary-1.1.2.tgz}
    name: vary
    version: 1.1.2
    engines: {node: '>= 0.8'}
    dev: false

  registry.npmmirror.com/dayjs/1.10.7:
    resolution: {integrity: sha1-LPX5Gt0oEWdIRAhmoKHSbzps5Gg=, registry: https://registry.npm.taobao.org/, tarball: https://registry.npmmirror.com/dayjs/download/dayjs-1.10.7.tgz?cache=0&sync_timestamp=1632743415328&other_urls=https%3A%2F%2Fregistry.npmmirror.com%2Fdayjs%2Fdownload%2Fdayjs-1.10.7.tgz}
    name: dayjs
    version: 1.10.7
    dev: false

  registry.npmmirror.com/escape-html/1.0.3:
    resolution: {integrity: sha1-Aljq5NPQwJdN4cFpGI7wBR0dGYg=, registry: https://registry.npm.taobao.org/, tarball: https://registry.npmmirror.com/escape-html/download/escape-html-1.0.3.tgz}
    name: escape-html
    version: 1.0.3
    dev: false

  registry.npmmirror.com/finalhandler/1.1.2:
    resolution: {integrity: sha1-t+fQAP/RGTjQ/bBTUG9uur6fWH0=, registry: https://registry.npm.taobao.org/, tarball: https://registry.npmmirror.com/finalhandler/download/finalhandler-1.1.2.tgz}
    name: finalhandler
    version: 1.1.2
    engines: {node: '>= 0.8'}
    dependencies:
      debug: registry.nlark.com/debug/2.6.9
      encodeurl: registry.nlark.com/encodeurl/1.0.2
      escape-html: registry.npmmirror.com/escape-html/1.0.3
      on-finished: registry.nlark.com/on-finished/2.3.0
      parseurl: registry.nlark.com/parseurl/1.3.3
      statuses: registry.nlark.com/statuses/1.5.0
      unpipe: registry.nlark.com/unpipe/1.0.0
    dev: false

  registry.npmmirror.com/methods/1.1.2:
    resolution: {integrity: sha1-VSmk1nZUE07cxSZmVoNbD4Ua/O4=, registry: https://registry.npm.taobao.org/, tarball: https://registry.npmmirror.com/methods/download/methods-1.1.2.tgz}
    name: methods
    version: 1.1.2
    engines: {node: '>= 0.6'}
    dev: false

  registry.npmmirror.com/mime-types/2.1.33:
    resolution: {integrity: sha1-H6EqkERy+v0GjkjZ6EAfdNP3Dts=, registry: https://registry.npm.taobao.org/, tarball: https://registry.npmmirror.com/mime-types/download/mime-types-2.1.33.tgz}
    name: mime-types
    version: 2.1.33
    engines: {node: '>= 0.6'}
    dependencies:
      mime-db: registry.nlark.com/mime-db/1.50.0
    dev: false

  registry.npmmirror.com/ms/2.0.0:
    resolution: {integrity: sha1-VgiurfwAvmwpAd9fmGF4jeDVl8g=, registry: https://registry.npm.taobao.org/, tarball: https://registry.npmmirror.com/ms/download/ms-2.0.0.tgz?cache=0&sync_timestamp=1632788710719&other_urls=https%3A%2F%2Fregistry.npmmirror.com%2Fms%2Fdownload%2Fms-2.0.0.tgz}
    name: ms
    version: 2.0.0
    dev: false

  registry.npmmirror.com/ms/2.1.1:
    resolution: {integrity: sha1-MKWGTrPrsKZvLr5tcnrwagnYbgo=, registry: https://registry.npm.taobao.org/, tarball: https://registry.npmmirror.com/ms/download/ms-2.1.1.tgz?cache=0&sync_timestamp=1632788710719&other_urls=https%3A%2F%2Fregistry.npmmirror.com%2Fms%2Fdownload%2Fms-2.1.1.tgz}
    name: ms
    version: 2.1.1
    dev: false
